// !$*UTF8*$!
{
	archiveVersion = 1;
	classes = {
	};
	objectVersion = 55;
	objects = {

/* Begin PBXBuildFile section */
		409352AB288357A0000C69EB /* WeatherForecastApp.swift in Sources */ = {isa = PBXBuildFile; fileRef = 409352AA288357A0000C69EB /* WeatherForecastApp.swift */; };
		409352AF288357A2000C69EB /* Assets.xcassets in Resources */ = {isa = PBXBuildFile; fileRef = 409352AE288357A2000C69EB /* Assets.xcassets */; };
		409352B2288357A2000C69EB /* Preview Assets.xcassets in Resources */ = {isa = PBXBuildFile; fileRef = 409352B1288357A2000C69EB /* Preview Assets.xcassets */; };
		409352BC288357A3000C69EB /* CityForecastViewModelTests.swift in Sources */ = {isa = PBXBuildFile; fileRef = 409352BB288357A3000C69EB /* CityForecastViewModelTests.swift */; };
		409352EF28839F7E000C69EB /* cities.json in Resources */ = {isa = PBXBuildFile; fileRef = 409352EE28839F7E000C69EB /* cities.json */; };
		409352F828839FCA000C69EB /* TemporaryImageCache.swift in Sources */ = {isa = PBXBuildFile; fileRef = 409352F128839FCA000C69EB /* TemporaryImageCache.swift */; };
		409352F928839FCA000C69EB /* View+Shadow.swift in Sources */ = {isa = PBXBuildFile; fileRef = 409352F228839FCA000C69EB /* View+Shadow.swift */; };
		409352FA28839FCA000C69EB /* NeuButtonStyle.swift in Sources */ = {isa = PBXBuildFile; fileRef = 409352F328839FCA000C69EB /* NeuButtonStyle.swift */; };
		409352FB28839FCA000C69EB /* TemperatureRenderer.swift in Sources */ = {isa = PBXBuildFile; fileRef = 409352F428839FCA000C69EB /* TemperatureRenderer.swift */; };
		409352FC28839FCA000C69EB /* Thread+runOnMainThreadSync.swift in Sources */ = {isa = PBXBuildFile; fileRef = 409352F528839FCA000C69EB /* Thread+runOnMainThreadSync.swift */; };
		409352FD28839FCA000C69EB /* NeuCapsuleButtonStyle.swift in Sources */ = {isa = PBXBuildFile; fileRef = 409352F628839FCA000C69EB /* NeuCapsuleButtonStyle.swift */; };
		409352FE28839FCA000C69EB /* Color+Neu.swift in Sources */ = {isa = PBXBuildFile; fileRef = 409352F728839FCA000C69EB /* Color+Neu.swift */; };
		409353082883A037000C69EB /* CityForecastCellView.swift in Sources */ = {isa = PBXBuildFile; fileRef = 409353012883A036000C69EB /* CityForecastCellView.swift */; };
		409353092883A037000C69EB /* TemperatureView.swift in Sources */ = {isa = PBXBuildFile; fileRef = 409353022883A036000C69EB /* TemperatureView.swift */; };
		4093530A2883A037000C69EB /* CityCellView.swift in Sources */ = {isa = PBXBuildFile; fileRef = 409353032883A036000C69EB /* CityCellView.swift */; };
		4093530B2883A037000C69EB /* ContentView.swift in Sources */ = {isa = PBXBuildFile; fileRef = 409353042883A036000C69EB /* ContentView.swift */; };
		4093530C2883A037000C69EB /* AsyncImageView.swift in Sources */ = {isa = PBXBuildFile; fileRef = 409353052883A036000C69EB /* AsyncImageView.swift */; };
		4093530D2883A037000C69EB /* CityForecastView.swift in Sources */ = {isa = PBXBuildFile; fileRef = 409353062883A036000C69EB /* CityForecastView.swift */; };
		4093530E2883A037000C69EB /* CityListView.swift in Sources */ = {isa = PBXBuildFile; fileRef = 409353072883A037000C69EB /* CityListView.swift */; };
		409353142883A047000C69EB /* CityForecastViewModel.swift in Sources */ = {isa = PBXBuildFile; fileRef = 4093530F2883A046000C69EB /* CityForecastViewModel.swift */; };
		409353152883A047000C69EB /* ImageLoader.swift in Sources */ = {isa = PBXBuildFile; fileRef = 409353102883A046000C69EB /* ImageLoader.swift */; };
		409353162883A047000C69EB /* PeriodViewModel.swift in Sources */ = {isa = PBXBuildFile; fileRef = 409353112883A046000C69EB /* PeriodViewModel.swift */; };
		409353172883A047000C69EB /* CityListViewModel.swift in Sources */ = {isa = PBXBuildFile; fileRef = 409353122883A047000C69EB /* CityListViewModel.swift */; };
		409353182883A047000C69EB /* CityViewModel.swift in Sources */ = {isa = PBXBuildFile; fileRef = 409353132883A047000C69EB /* CityViewModel.swift */; };
		4093531D2883A0C4000C69EB /* ImageCacheKey.swift in Sources */ = {isa = PBXBuildFile; fileRef = 4093531B2883A0C3000C69EB /* ImageCacheKey.swift */; };
		4093531E2883A0C4000C69EB /* CurrentTemperatureScale.swift in Sources */ = {isa = PBXBuildFile; fileRef = 4093531C2883A0C3000C69EB /* CurrentTemperatureScale.swift */; };
		409353212883A0CF000C69EB /* City.swift in Sources */ = {isa = PBXBuildFile; fileRef = 4093531F2883A0CF000C69EB /* City.swift */; };
		409353222883A0CF000C69EB /* CityList.swift in Sources */ = {isa = PBXBuildFile; fileRef = 409353202883A0CF000C69EB /* CityList.swift */; };
		4093532B2883A11C000C69EB /* WeatherGovWebAPI+LocationMetadataEndpoint.swift in Sources */ = {isa = PBXBuildFile; fileRef = 409353242883A11B000C69EB /* WeatherGovWebAPI+LocationMetadataEndpoint.swift */; };
		4093532C2883A11C000C69EB /* WeatherGovWebAPI+GridpointForecastEndpoint.swift in Sources */ = {isa = PBXBuildFile; fileRef = 409353252883A11B000C69EB /* WeatherGovWebAPI+GridpointForecastEndpoint.swift */; };
		4093532D2883A11C000C69EB /* WeatherGovWebAPI+Point.swift in Sources */ = {isa = PBXBuildFile; fileRef = 409353262883A11B000C69EB /* WeatherGovWebAPI+Point.swift */; };
		4093532E2883A11C000C69EB /* WeatherGovWebAPI+LocationMetadata.swift in Sources */ = {isa = PBXBuildFile; fileRef = 409353272883A11C000C69EB /* WeatherGovWebAPI+LocationMetadata.swift */; };
		4093532F2883A11C000C69EB /* WeatherGovWebAPI.swift in Sources */ = {isa = PBXBuildFile; fileRef = 409353282883A11C000C69EB /* WeatherGovWebAPI.swift */; };
		409353302883A11C000C69EB /* WeatherGovWebAPI+WeeklyForecast.swift in Sources */ = {isa = PBXBuildFile; fileRef = 409353292883A11C000C69EB /* WeatherGovWebAPI+WeeklyForecast.swift */; };
		409353312883A11C000C69EB /* WeatherGovWebAPI+Period.swift in Sources */ = {isa = PBXBuildFile; fileRef = 4093532A2883A11C000C69EB /* WeatherGovWebAPI+Period.swift */; };
		40B6EE4428980E4B00CD9D3E /* Constants.swift in Sources */ = {isa = PBXBuildFile; fileRef = 40B6EE4328980E4B00CD9D3E /* Constants.swift */; };
/* End PBXBuildFile section */

/* Begin PBXContainerItemProxy section */
		409352B8288357A3000C69EB /* PBXContainerItemProxy */ = {
			isa = PBXContainerItemProxy;
			containerPortal = 4093529F288357A0000C69EB /* Project object */;
			proxyType = 1;
			remoteGlobalIDString = 409352A6288357A0000C69EB;
			remoteInfo = WeatherForecast;
		};
/* End PBXContainerItemProxy section */

/* Begin PBXFileReference section */
		409352A7288357A0000C69EB /* WeatherForecast.app */ = {isa = PBXFileReference; explicitFileType = wrapper.application; includeInIndex = 0; path = WeatherForecast.app; sourceTree = BUILT_PRODUCTS_DIR; };
		409352AA288357A0000C69EB /* WeatherForecastApp.swift */ = {isa = PBXFileReference; lastKnownFileType = sourcecode.swift; path = WeatherForecastApp.swift; sourceTree = "<group>"; };
		409352AE288357A2000C69EB /* Assets.xcassets */ = {isa = PBXFileReference; lastKnownFileType = folder.assetcatalog; path = Assets.xcassets; sourceTree = "<group>"; };
		409352B1288357A2000C69EB /* Preview Assets.xcassets */ = {isa = PBXFileReference; lastKnownFileType = folder.assetcatalog; path = "Preview Assets.xcassets"; sourceTree = "<group>"; };
		409352B7288357A3000C69EB /* WeatherForecastTests.xctest */ = {isa = PBXFileReference; explicitFileType = wrapper.cfbundle; includeInIndex = 0; path = WeatherForecastTests.xctest; sourceTree = BUILT_PRODUCTS_DIR; };
		409352BB288357A3000C69EB /* CityForecastViewModelTests.swift */ = {isa = PBXFileReference; lastKnownFileType = sourcecode.swift; path = CityForecastViewModelTests.swift; sourceTree = "<group>"; };
		409352EE28839F7E000C69EB /* cities.json */ = {isa = PBXFileReference; fileEncoding = 4; lastKnownFileType = text.json; path = cities.json; sourceTree = "<group>"; };
		409352F128839FCA000C69EB /* TemporaryImageCache.swift */ = {isa = PBXFileReference; fileEncoding = 4; lastKnownFileType = sourcecode.swift; path = TemporaryImageCache.swift; sourceTree = "<group>"; };
		409352F228839FCA000C69EB /* View+Shadow.swift */ = {isa = PBXFileReference; fileEncoding = 4; lastKnownFileType = sourcecode.swift; path = "View+Shadow.swift"; sourceTree = "<group>"; };
		409352F328839FCA000C69EB /* NeuButtonStyle.swift */ = {isa = PBXFileReference; fileEncoding = 4; lastKnownFileType = sourcecode.swift; path = NeuButtonStyle.swift; sourceTree = "<group>"; };
		409352F428839FCA000C69EB /* TemperatureRenderer.swift */ = {isa = PBXFileReference; fileEncoding = 4; lastKnownFileType = sourcecode.swift; path = TemperatureRenderer.swift; sourceTree = "<group>"; };
		409352F528839FCA000C69EB /* Thread+runOnMainThreadSync.swift */ = {isa = PBXFileReference; fileEncoding = 4; lastKnownFileType = sourcecode.swift; path = "Thread+runOnMainThreadSync.swift"; sourceTree = "<group>"; };
		409352F628839FCA000C69EB /* NeuCapsuleButtonStyle.swift */ = {isa = PBXFileReference; fileEncoding = 4; lastKnownFileType = sourcecode.swift; path = NeuCapsuleButtonStyle.swift; sourceTree = "<group>"; };
		409352F728839FCA000C69EB /* Color+Neu.swift */ = {isa = PBXFileReference; fileEncoding = 4; lastKnownFileType = sourcecode.swift; path = "Color+Neu.swift"; sourceTree = "<group>"; };
		409353012883A036000C69EB /* CityForecastCellView.swift */ = {isa = PBXFileReference; fileEncoding = 4; lastKnownFileType = sourcecode.swift; path = CityForecastCellView.swift; sourceTree = "<group>"; };
		409353022883A036000C69EB /* TemperatureView.swift */ = {isa = PBXFileReference; fileEncoding = 4; lastKnownFileType = sourcecode.swift; path = TemperatureView.swift; sourceTree = "<group>"; };
		409353032883A036000C69EB /* CityCellView.swift */ = {isa = PBXFileReference; fileEncoding = 4; lastKnownFileType = sourcecode.swift; path = CityCellView.swift; sourceTree = "<group>"; };
		409353042883A036000C69EB /* ContentView.swift */ = {isa = PBXFileReference; fileEncoding = 4; lastKnownFileType = sourcecode.swift; path = ContentView.swift; sourceTree = "<group>"; };
		409353052883A036000C69EB /* AsyncImageView.swift */ = {isa = PBXFileReference; fileEncoding = 4; lastKnownFileType = sourcecode.swift; path = AsyncImageView.swift; sourceTree = "<group>"; };
		409353062883A036000C69EB /* CityForecastView.swift */ = {isa = PBXFileReference; fileEncoding = 4; lastKnownFileType = sourcecode.swift; path = CityForecastView.swift; sourceTree = "<group>"; };
		409353072883A037000C69EB /* CityListView.swift */ = {isa = PBXFileReference; fileEncoding = 4; lastKnownFileType = sourcecode.swift; path = CityListView.swift; sourceTree = "<group>"; };
		4093530F2883A046000C69EB /* CityForecastViewModel.swift */ = {isa = PBXFileReference; fileEncoding = 4; lastKnownFileType = sourcecode.swift; path = CityForecastViewModel.swift; sourceTree = "<group>"; };
		409353102883A046000C69EB /* ImageLoader.swift */ = {isa = PBXFileReference; fileEncoding = 4; lastKnownFileType = sourcecode.swift; path = ImageLoader.swift; sourceTree = "<group>"; };
		409353112883A046000C69EB /* PeriodViewModel.swift */ = {isa = PBXFileReference; fileEncoding = 4; lastKnownFileType = sourcecode.swift; path = PeriodViewModel.swift; sourceTree = "<group>"; };
		409353122883A047000C69EB /* CityListViewModel.swift */ = {isa = PBXFileReference; fileEncoding = 4; lastKnownFileType = sourcecode.swift; path = CityListViewModel.swift; sourceTree = "<group>"; };
		409353132883A047000C69EB /* CityViewModel.swift */ = {isa = PBXFileReference; fileEncoding = 4; lastKnownFileType = sourcecode.swift; path = CityViewModel.swift; sourceTree = "<group>"; };
		4093531B2883A0C3000C69EB /* ImageCacheKey.swift */ = {isa = PBXFileReference; fileEncoding = 4; lastKnownFileType = sourcecode.swift; path = ImageCacheKey.swift; sourceTree = "<group>"; };
		4093531C2883A0C3000C69EB /* CurrentTemperatureScale.swift */ = {isa = PBXFileReference; fileEncoding = 4; lastKnownFileType = sourcecode.swift; path = CurrentTemperatureScale.swift; sourceTree = "<group>"; };
		4093531F2883A0CF000C69EB /* City.swift */ = {isa = PBXFileReference; fileEncoding = 4; lastKnownFileType = sourcecode.swift; path = City.swift; sourceTree = "<group>"; };
		409353202883A0CF000C69EB /* CityList.swift */ = {isa = PBXFileReference; fileEncoding = 4; lastKnownFileType = sourcecode.swift; path = CityList.swift; sourceTree = "<group>"; };
		409353242883A11B000C69EB /* WeatherGovWebAPI+LocationMetadataEndpoint.swift */ = {isa = PBXFileReference; fileEncoding = 4; lastKnownFileType = sourcecode.swift; path = "WeatherGovWebAPI+LocationMetadataEndpoint.swift"; sourceTree = "<group>"; };
		409353252883A11B000C69EB /* WeatherGovWebAPI+GridpointForecastEndpoint.swift */ = {isa = PBXFileReference; fileEncoding = 4; lastKnownFileType = sourcecode.swift; path = "WeatherGovWebAPI+GridpointForecastEndpoint.swift"; sourceTree = "<group>"; };
		409353262883A11B000C69EB /* WeatherGovWebAPI+Point.swift */ = {isa = PBXFileReference; fileEncoding = 4; lastKnownFileType = sourcecode.swift; path = "WeatherGovWebAPI+Point.swift"; sourceTree = "<group>"; };
		409353272883A11C000C69EB /* WeatherGovWebAPI+LocationMetadata.swift */ = {isa = PBXFileReference; fileEncoding = 4; lastKnownFileType = sourcecode.swift; path = "WeatherGovWebAPI+LocationMetadata.swift"; sourceTree = "<group>"; };
		409353282883A11C000C69EB /* WeatherGovWebAPI.swift */ = {isa = PBXFileReference; fileEncoding = 4; lastKnownFileType = sourcecode.swift; path = WeatherGovWebAPI.swift; sourceTree = "<group>"; };
		409353292883A11C000C69EB /* WeatherGovWebAPI+WeeklyForecast.swift */ = {isa = PBXFileReference; fileEncoding = 4; lastKnownFileType = sourcecode.swift; path = "WeatherGovWebAPI+WeeklyForecast.swift"; sourceTree = "<group>"; };
		4093532A2883A11C000C69EB /* WeatherGovWebAPI+Period.swift */ = {isa = PBXFileReference; fileEncoding = 4; lastKnownFileType = sourcecode.swift; path = "WeatherGovWebAPI+Period.swift"; sourceTree = "<group>"; };
		40B6EE4328980E4B00CD9D3E /* Constants.swift */ = {isa = PBXFileReference; lastKnownFileType = sourcecode.swift; path = Constants.swift; sourceTree = "<group>"; };
/* End PBXFileReference section */

/* Begin PBXFrameworksBuildPhase section */
		409352A4288357A0000C69EB /* Frameworks */ = {
			isa = PBXFrameworksBuildPhase;
			buildActionMask = 2147483647;
			files = (
			);
			runOnlyForDeploymentPostprocessing = 0;
		};
		409352B4288357A3000C69EB /* Frameworks */ = {
			isa = PBXFrameworksBuildPhase;
			buildActionMask = 2147483647;
			files = (
			);
			runOnlyForDeploymentPostprocessing = 0;
		};
/* End PBXFrameworksBuildPhase section */

/* Begin PBXGroup section */
		4093529E288357A0000C69EB = {
			isa = PBXGroup;
			children = (
				409352A9288357A0000C69EB /* WeatherForecast */,
				409352BA288357A3000C69EB /* WeatherForecastTests */,
				409352A8288357A0000C69EB /* Products */,
			);
			sourceTree = "<group>";
		};
		409352A8288357A0000C69EB /* Products */ = {
			isa = PBXGroup;
			children = (
				409352A7288357A0000C69EB /* WeatherForecast.app */,
				409352B7288357A3000C69EB /* WeatherForecastTests.xctest */,
			);
			name = Products;
			sourceTree = "<group>";
		};
		409352A9288357A0000C69EB /* WeatherForecast */ = {
			isa = PBXGroup;
			children = (
				409352AA288357A0000C69EB /* WeatherForecastApp.swift */,
				40B6EE4328980E4B00CD9D3E /* Constants.swift */,
				4093531A2883A09D000C69EB /* Environment */,
				409352FF28839FF1000C69EB /* View */,
				4093530028839FF7000C69EB /* ViewModel */,
				409353192883A04F000C69EB /* Model */,
				409353232883A0F5000C69EB /* Service */,
				409352F028839F96000C69EB /* Helper */,
				409352ED28839EDF000C69EB /* Resources */,
				409352B0288357A2000C69EB /* Preview Content */,
			);
			path = WeatherForecast;
			sourceTree = "<group>";
		};
		409352B0288357A2000C69EB /* Preview Content */ = {
			isa = PBXGroup;
			children = (
				409352B1288357A2000C69EB /* Preview Assets.xcassets */,
			);
			path = "Preview Content";
			sourceTree = "<group>";
		};
		409352BA288357A3000C69EB /* WeatherForecastTests */ = {
			isa = PBXGroup;
			children = (
				409352BB288357A3000C69EB /* CityForecastViewModelTests.swift */,
			);
			path = WeatherForecastTests;
			sourceTree = "<group>";
		};
		409352ED28839EDF000C69EB /* Resources */ = {
			isa = PBXGroup;
			children = (
				409352AE288357A2000C69EB /* Assets.xcassets */,
				409352EE28839F7E000C69EB /* cities.json */,
			);
			path = Resources;
			sourceTree = "<group>";
		};
		409352F028839F96000C69EB /* Helper */ = {
			isa = PBXGroup;
			children = (
				409352F728839FCA000C69EB /* Color+Neu.swift */,
				409352F328839FCA000C69EB /* NeuButtonStyle.swift */,
				409352F628839FCA000C69EB /* NeuCapsuleButtonStyle.swift */,
				409352F428839FCA000C69EB /* TemperatureRenderer.swift */,
				409352F128839FCA000C69EB /* TemporaryImageCache.swift */,
				409352F528839FCA000C69EB /* Thread+runOnMainThreadSync.swift */,
				409352F228839FCA000C69EB /* View+Shadow.swift */,
			);
			path = Helper;
			sourceTree = "<group>";
		};
		409352FF28839FF1000C69EB /* View */ = {
			isa = PBXGroup;
			children = (
				409353042883A036000C69EB /* ContentView.swift */,
				409353072883A037000C69EB /* CityListView.swift */,
				409353032883A036000C69EB /* CityCellView.swift */,
				409353062883A036000C69EB /* CityForecastView.swift */,
				409353012883A036000C69EB /* CityForecastCellView.swift */,
				409353052883A036000C69EB /* AsyncImageView.swift */,
				409353022883A036000C69EB /* TemperatureView.swift */,
			);
			path = View;
			sourceTree = "<group>";
		};
		4093530028839FF7000C69EB /* ViewModel */ = {
			isa = PBXGroup;
			children = (
				409353122883A047000C69EB /* CityListViewModel.swift */,
				409353132883A047000C69EB /* CityViewModel.swift */,
				4093530F2883A046000C69EB /* CityForecastViewModel.swift */,
				409353112883A046000C69EB /* PeriodViewModel.swift */,
				409353102883A046000C69EB /* ImageLoader.swift */,
			);
			path = ViewModel;
			sourceTree = "<group>";
		};
		409353192883A04F000C69EB /* Model */ = {
			isa = PBXGroup;
			children = (
				4093531F2883A0CF000C69EB /* City.swift */,
				409353202883A0CF000C69EB /* CityList.swift */,
			);
			path = Model;
			sourceTree = "<group>";
		};
		4093531A2883A09D000C69EB /* Environment */ = {
			isa = PBXGroup;
			children = (
				4093531C2883A0C3000C69EB /* CurrentTemperatureScale.swift */,
				4093531B2883A0C3000C69EB /* ImageCacheKey.swift */,
			);
			path = Environment;
			sourceTree = "<group>";
		};
		409353232883A0F5000C69EB /* Service */ = {
			isa = PBXGroup;
			children = (
				409353282883A11C000C69EB /* WeatherGovWebAPI.swift */,
				409353252883A11B000C69EB /* WeatherGovWebAPI+GridpointForecastEndpoint.swift */,
				409353272883A11C000C69EB /* WeatherGovWebAPI+LocationMetadata.swift */,
				409353242883A11B000C69EB /* WeatherGovWebAPI+LocationMetadataEndpoint.swift */,
				4093532A2883A11C000C69EB /* WeatherGovWebAPI+Period.swift */,
				409353262883A11B000C69EB /* WeatherGovWebAPI+Point.swift */,
				409353292883A11C000C69EB /* WeatherGovWebAPI+WeeklyForecast.swift */,
			);
			path = Service;
			sourceTree = "<group>";
		};
/* End PBXGroup section */

/* Begin PBXNativeTarget section */
		409352A6288357A0000C69EB /* WeatherForecast */ = {
			isa = PBXNativeTarget;
			buildConfigurationList = 409352CB288357A3000C69EB /* Build configuration list for PBXNativeTarget "WeatherForecast" */;
			buildPhases = (
				409352A3288357A0000C69EB /* Sources */,
				409352A4288357A0000C69EB /* Frameworks */,
				409352A5288357A0000C69EB /* Resources */,
			);
			buildRules = (
			);
			dependencies = (
			);
			name = WeatherForecast;
			productName = WeatherForecast;
			productReference = 409352A7288357A0000C69EB /* WeatherForecast.app */;
			productType = "com.apple.product-type.application";
		};
		409352B6288357A3000C69EB /* WeatherForecastTests */ = {
			isa = PBXNativeTarget;
			buildConfigurationList = 409352CE288357A3000C69EB /* Build configuration list for PBXNativeTarget "WeatherForecastTests" */;
			buildPhases = (
				409352B3288357A3000C69EB /* Sources */,
				409352B4288357A3000C69EB /* Frameworks */,
				409352B5288357A3000C69EB /* Resources */,
			);
			buildRules = (
			);
			dependencies = (
				409352B9288357A3000C69EB /* PBXTargetDependency */,
			);
			name = WeatherForecastTests;
			productName = WeatherForecastTests;
			productReference = 409352B7288357A3000C69EB /* WeatherForecastTests.xctest */;
			productType = "com.apple.product-type.bundle.unit-test";
		};
/* End PBXNativeTarget section */

/* Begin PBXProject section */
		4093529F288357A0000C69EB /* Project object */ = {
			isa = PBXProject;
			attributes = {
				BuildIndependentTargetsInParallel = 1;
				LastSwiftUpdateCheck = 1340;
				LastUpgradeCheck = 1340;
				TargetAttributes = {
					409352A6288357A0000C69EB = {
						CreatedOnToolsVersion = 13.4;
					};
					409352B6288357A3000C69EB = {
						CreatedOnToolsVersion = 13.4;
						TestTargetID = 409352A6288357A0000C69EB;
					};
				};
			};
			buildConfigurationList = 409352A2288357A0000C69EB /* Build configuration list for PBXProject "WeatherForecast" */;
			compatibilityVersion = "Xcode 13.0";
			developmentRegion = en;
			hasScannedForEncodings = 0;
			knownRegions = (
				en,
				Base,
			);
			mainGroup = 4093529E288357A0000C69EB;
			productRefGroup = 409352A8288357A0000C69EB /* Products */;
			projectDirPath = "";
			projectRoot = "";
			targets = (
				409352A6288357A0000C69EB /* WeatherForecast */,
				409352B6288357A3000C69EB /* WeatherForecastTests */,
			);
		};
/* End PBXProject section */

/* Begin PBXResourcesBuildPhase section */
		409352A5288357A0000C69EB /* Resources */ = {
			isa = PBXResourcesBuildPhase;
			buildActionMask = 2147483647;
			files = (
				409352EF28839F7E000C69EB /* cities.json in Resources */,
				409352B2288357A2000C69EB /* Preview Assets.xcassets in Resources */,
				409352AF288357A2000C69EB /* Assets.xcassets in Resources */,
			);
			runOnlyForDeploymentPostprocessing = 0;
		};
		409352B5288357A3000C69EB /* Resources */ = {
			isa = PBXResourcesBuildPhase;
			buildActionMask = 2147483647;
			files = (
			);
			runOnlyForDeploymentPostprocessing = 0;
		};
/* End PBXResourcesBuildPhase section */

/* Begin PBXSourcesBuildPhase section */
		409352A3288357A0000C69EB /* Sources */ = {
			isa = PBXSourcesBuildPhase;
			buildActionMask = 2147483647;
			files = (
				4093532D2883A11C000C69EB /* WeatherGovWebAPI+Point.swift in Sources */,
				4093531E2883A0C4000C69EB /* CurrentTemperatureScale.swift in Sources */,
				4093531D2883A0C4000C69EB /* ImageCacheKey.swift in Sources */,
				4093532F2883A11C000C69EB /* WeatherGovWebAPI.swift in Sources */,
				409353092883A037000C69EB /* TemperatureView.swift in Sources */,
				409353082883A037000C69EB /* CityForecastCellView.swift in Sources */,
				409352FE28839FCA000C69EB /* Color+Neu.swift in Sources */,
				40B6EE4428980E4B00CD9D3E /* Constants.swift in Sources */,
				409352FD28839FCA000C69EB /* NeuCapsuleButtonStyle.swift in Sources */,
				409352F928839FCA000C69EB /* View+Shadow.swift in Sources */,
				4093532E2883A11C000C69EB /* WeatherGovWebAPI+LocationMetadata.swift in Sources */,
				4093530A2883A037000C69EB /* CityCellView.swift in Sources */,
				4093530D2883A037000C69EB /* CityForecastView.swift in Sources */,
				409353172883A047000C69EB /* CityListViewModel.swift in Sources */,
				4093532B2883A11C000C69EB /* WeatherGovWebAPI+LocationMetadataEndpoint.swift in Sources */,
				409353162883A047000C69EB /* PeriodViewModel.swift in Sources */,
				409352FA28839FCA000C69EB /* NeuButtonStyle.swift in Sources */,
				409353302883A11C000C69EB /* WeatherGovWebAPI+WeeklyForecast.swift in Sources */,
				409352FC28839FCA000C69EB /* Thread+runOnMainThreadSync.swift in Sources */,
				409352F828839FCA000C69EB /* TemporaryImageCache.swift in Sources */,
				409353222883A0CF000C69EB /* CityList.swift in Sources */,
				409353212883A0CF000C69EB /* City.swift in Sources */,
				4093532C2883A11C000C69EB /* WeatherGovWebAPI+GridpointForecastEndpoint.swift in Sources */,
				4093530B2883A037000C69EB /* ContentView.swift in Sources */,
				409353142883A047000C69EB /* CityForecastViewModel.swift in Sources */,
				409352AB288357A0000C69EB /* WeatherForecastApp.swift in Sources */,
				409353312883A11C000C69EB /* WeatherGovWebAPI+Period.swift in Sources */,
				409353152883A047000C69EB /* ImageLoader.swift in Sources */,
				4093530E2883A037000C69EB /* CityListView.swift in Sources */,
				409352FB28839FCA000C69EB /* TemperatureRenderer.swift in Sources */,
				409353182883A047000C69EB /* CityViewModel.swift in Sources */,
				4093530C2883A037000C69EB /* AsyncImageView.swift in Sources */,
			);
			runOnlyForDeploymentPostprocessing = 0;
		};
		409352B3288357A3000C69EB /* Sources */ = {
			isa = PBXSourcesBuildPhase;
			buildActionMask = 2147483647;
			files = (
				409352BC288357A3000C69EB /* CityForecastViewModelTests.swift in Sources */,
			);
			runOnlyForDeploymentPostprocessing = 0;
		};
/* End PBXSourcesBuildPhase section */

/* Begin PBXTargetDependency section */
		409352B9288357A3000C69EB /* PBXTargetDependency */ = {
			isa = PBXTargetDependency;
			target = 409352A6288357A0000C69EB /* WeatherForecast */;
			targetProxy = 409352B8288357A3000C69EB /* PBXContainerItemProxy */;
		};
/* End PBXTargetDependency section */

/* Begin XCBuildConfiguration section */
		409352C9288357A3000C69EB /* Debug */ = {
			isa = XCBuildConfiguration;
			buildSettings = {
				ALWAYS_SEARCH_USER_PATHS = NO;
				CLANG_ANALYZER_NONNULL = YES;
				CLANG_ANALYZER_NUMBER_OBJECT_CONVERSION = YES_AGGRESSIVE;
				CLANG_CXX_LANGUAGE_STANDARD = "gnu++17";
				CLANG_ENABLE_MODULES = YES;
				CLANG_ENABLE_OBJC_ARC = YES;
				CLANG_ENABLE_OBJC_WEAK = YES;
				CLANG_WARN_BLOCK_CAPTURE_AUTORELEASING = YES;
				CLANG_WARN_BOOL_CONVERSION = YES;
				CLANG_WARN_COMMA = YES;
				CLANG_WARN_CONSTANT_CONVERSION = YES;
				CLANG_WARN_DEPRECATED_OBJC_IMPLEMENTATIONS = YES;
				CLANG_WARN_DIRECT_OBJC_ISA_USAGE = YES_ERROR;
				CLANG_WARN_DOCUMENTATION_COMMENTS = YES;
				CLANG_WARN_EMPTY_BODY = YES;
				CLANG_WARN_ENUM_CONVERSION = YES;
				CLANG_WARN_INFINITE_RECURSION = YES;
				CLANG_WARN_INT_CONVERSION = YES;
				CLANG_WARN_NON_LITERAL_NULL_CONVERSION = YES;
				CLANG_WARN_OBJC_IMPLICIT_RETAIN_SELF = YES;
				CLANG_WARN_OBJC_LITERAL_CONVERSION = YES;
				CLANG_WARN_OBJC_ROOT_CLASS = YES_ERROR;
				CLANG_WARN_QUOTED_INCLUDE_IN_FRAMEWORK_HEADER = YES;
				CLANG_WARN_RANGE_LOOP_ANALYSIS = YES;
				CLANG_WARN_STRICT_PROTOTYPES = YES;
				CLANG_WARN_SUSPICIOUS_MOVE = YES;
				CLANG_WARN_UNGUARDED_AVAILABILITY = YES_AGGRESSIVE;
				CLANG_WARN_UNREACHABLE_CODE = YES;
				CLANG_WARN__DUPLICATE_METHOD_MATCH = YES;
				COPY_PHASE_STRIP = NO;
				DEBUG_INFORMATION_FORMAT = dwarf;
				ENABLE_STRICT_OBJC_MSGSEND = YES;
				ENABLE_TESTABILITY = YES;
				GCC_C_LANGUAGE_STANDARD = gnu11;
				GCC_DYNAMIC_NO_PIC = NO;
				GCC_NO_COMMON_BLOCKS = YES;
				GCC_OPTIMIZATION_LEVEL = 0;
				GCC_PREPROCESSOR_DEFINITIONS = (
					"DEBUG=1",
					"$(inherited)",
				);
				GCC_WARN_64_TO_32_BIT_CONVERSION = YES;
				GCC_WARN_ABOUT_RETURN_TYPE = YES_ERROR;
				GCC_WARN_UNDECLARED_SELECTOR = YES;
				GCC_WARN_UNINITIALIZED_AUTOS = YES_AGGRESSIVE;
				GCC_WARN_UNUSED_FUNCTION = YES;
				GCC_WARN_UNUSED_VARIABLE = YES;
				IPHONEOS_DEPLOYMENT_TARGET = 15.5;
				MTL_ENABLE_DEBUG_INFO = INCLUDE_SOURCE;
				MTL_FAST_MATH = YES;
				ONLY_ACTIVE_ARCH = YES;
				SDKROOT = iphoneos;
				SWIFT_ACTIVE_COMPILATION_CONDITIONS = DEBUG;
				SWIFT_OPTIMIZATION_LEVEL = "-Onone";
			};
			name = Debug;
		};
		409352CA288357A3000C69EB /* Release */ = {
			isa = XCBuildConfiguration;
			buildSettings = {
				ALWAYS_SEARCH_USER_PATHS = NO;
				CLANG_ANALYZER_NONNULL = YES;
				CLANG_ANALYZER_NUMBER_OBJECT_CONVERSION = YES_AGGRESSIVE;
				CLANG_CXX_LANGUAGE_STANDARD = "gnu++17";
				CLANG_ENABLE_MODULES = YES;
				CLANG_ENABLE_OBJC_ARC = YES;
				CLANG_ENABLE_OBJC_WEAK = YES;
				CLANG_WARN_BLOCK_CAPTURE_AUTORELEASING = YES;
				CLANG_WARN_BOOL_CONVERSION = YES;
				CLANG_WARN_COMMA = YES;
				CLANG_WARN_CONSTANT_CONVERSION = YES;
				CLANG_WARN_DEPRECATED_OBJC_IMPLEMENTATIONS = YES;
				CLANG_WARN_DIRECT_OBJC_ISA_USAGE = YES_ERROR;
				CLANG_WARN_DOCUMENTATION_COMMENTS = YES;
				CLANG_WARN_EMPTY_BODY = YES;
				CLANG_WARN_ENUM_CONVERSION = YES;
				CLANG_WARN_INFINITE_RECURSION = YES;
				CLANG_WARN_INT_CONVERSION = YES;
				CLANG_WARN_NON_LITERAL_NULL_CONVERSION = YES;
				CLANG_WARN_OBJC_IMPLICIT_RETAIN_SELF = YES;
				CLANG_WARN_OBJC_LITERAL_CONVERSION = YES;
				CLANG_WARN_OBJC_ROOT_CLASS = YES_ERROR;
				CLANG_WARN_QUOTED_INCLUDE_IN_FRAMEWORK_HEADER = YES;
				CLANG_WARN_RANGE_LOOP_ANALYSIS = YES;
				CLANG_WARN_STRICT_PROTOTYPES = YES;
				CLANG_WARN_SUSPICIOUS_MOVE = YES;
				CLANG_WARN_UNGUARDED_AVAILABILITY = YES_AGGRESSIVE;
				CLANG_WARN_UNREACHABLE_CODE = YES;
				CLANG_WARN__DUPLICATE_METHOD_MATCH = YES;
				COPY_PHASE_STRIP = NO;
				DEBUG_INFORMATION_FORMAT = "dwarf-with-dsym";
				ENABLE_NS_ASSERTIONS = NO;
				ENABLE_STRICT_OBJC_MSGSEND = YES;
				GCC_C_LANGUAGE_STANDARD = gnu11;
				GCC_NO_COMMON_BLOCKS = YES;
				GCC_WARN_64_TO_32_BIT_CONVERSION = YES;
				GCC_WARN_ABOUT_RETURN_TYPE = YES_ERROR;
				GCC_WARN_UNDECLARED_SELECTOR = YES;
				GCC_WARN_UNINITIALIZED_AUTOS = YES_AGGRESSIVE;
				GCC_WARN_UNUSED_FUNCTION = YES;
				GCC_WARN_UNUSED_VARIABLE = YES;
				IPHONEOS_DEPLOYMENT_TARGET = 15.5;
				MTL_ENABLE_DEBUG_INFO = NO;
				MTL_FAST_MATH = YES;
				SDKROOT = iphoneos;
				SWIFT_COMPILATION_MODE = wholemodule;
				SWIFT_OPTIMIZATION_LEVEL = "-O";
				VALIDATE_PRODUCT = YES;
			};
			name = Release;
		};
		409352CC288357A3000C69EB /* Debug */ = {
			isa = XCBuildConfiguration;
			buildSettings = {
				ASSETCATALOG_COMPILER_APPICON_NAME = AppIcon;
				ASSETCATALOG_COMPILER_GLOBAL_ACCENT_COLOR_NAME = AccentColor;
				CODE_SIGN_STYLE = Automatic;
				CURRENT_PROJECT_VERSION = 1;
				DEVELOPMENT_ASSET_PATHS = "\"WeatherForecast/Preview Content\"";
				DEVELOPMENT_TEAM = PE3M477MG2;
				ENABLE_PREVIEWS = YES;
				GENERATE_INFOPLIST_FILE = YES;
				INFOPLIST_KEY_UIApplicationSceneManifest_Generation = YES;
				INFOPLIST_KEY_UIApplicationSupportsIndirectInputEvents = YES;
				INFOPLIST_KEY_UILaunchScreen_Generation = YES;
				INFOPLIST_KEY_UISupportedInterfaceOrientations_iPad = "UIInterfaceOrientationPortrait UIInterfaceOrientationPortraitUpsideDown UIInterfaceOrientationLandscapeLeft UIInterfaceOrientationLandscapeRight";
				INFOPLIST_KEY_UISupportedInterfaceOrientations_iPhone = "UIInterfaceOrientationPortrait UIInterfaceOrientationLandscapeLeft UIInterfaceOrientationLandscapeRight";
				LD_RUNPATH_SEARCH_PATHS = (
					"$(inherited)",
					"@executable_path/Frameworks",
				);
				MARKETING_VERSION = 1.0;
				PRODUCT_BUNDLE_IDENTIFIER = com.irizen.WeatherForecast;
				PRODUCT_NAME = "$(TARGET_NAME)";
				SWIFT_EMIT_LOC_STRINGS = YES;
				SWIFT_VERSION = 5.0;
				TARGETED_DEVICE_FAMILY = "1,2";
			};
			name = Debug;
		};
		409352CD288357A3000C69EB /* Release */ = {
			isa = XCBuildConfiguration;
			buildSettings = {
				ASSETCATALOG_COMPILER_APPICON_NAME = AppIcon;
				ASSETCATALOG_COMPILER_GLOBAL_ACCENT_COLOR_NAME = AccentColor;
				CODE_SIGN_STYLE = Automatic;
				CURRENT_PROJECT_VERSION = 1;
				DEVELOPMENT_ASSET_PATHS = "\"WeatherForecast/Preview Content\"";
				DEVELOPMENT_TEAM = PE3M477MG2;
				ENABLE_PREVIEWS = YES;
				GENERATE_INFOPLIST_FILE = YES;
				INFOPLIST_KEY_UIApplicationSceneManifest_Generation = YES;
				INFOPLIST_KEY_UIApplicationSupportsIndirectInputEvents = YES;
				INFOPLIST_KEY_UILaunchScreen_Generation = YES;
				INFOPLIST_KEY_UISupportedInterfaceOrientations_iPad = "UIInterfaceOrientationPortrait UIInterfaceOrientationPortraitUpsideDown UIInterfaceOrientationLandscapeLeft UIInterfaceOrientationLandscapeRight";
				INFOPLIST_KEY_UISupportedInterfaceOrientations_iPhone = "UIInterfaceOrientationPortrait UIInterfaceOrientationLandscapeLeft UIInterfaceOrientationLandscapeRight";
				LD_RUNPATH_SEARCH_PATHS = (
					"$(inherited)",
					"@executable_path/Frameworks",
				);
				MARKETING_VERSION = 1.0;
				PRODUCT_BUNDLE_IDENTIFIER = com.irizen.WeatherForecast;
				PRODUCT_NAME = "$(TARGET_NAME)";
				SWIFT_EMIT_LOC_STRINGS = YES;
				SWIFT_VERSION = 5.0;
				TARGETED_DEVICE_FAMILY = "1,2";
			};
			name = Release;
		};
		409352CF288357A3000C69EB /* Debug */ = {
			isa = XCBuildConfiguration;
			buildSettings = {
				ALWAYS_EMBED_SWIFT_STANDARD_LIBRARIES = YES;
				BUNDLE_LOADER = "$(TEST_HOST)";
				CODE_SIGN_STYLE = Automatic;
				CURRENT_PROJECT_VERSION = 1;
				DEVELOPMENT_TEAM = PE3M477MG2;
				GENERATE_INFOPLIST_FILE = YES;
				IPHONEOS_DEPLOYMENT_TARGET = 15.5;
				MARKETING_VERSION = 1.0;
				PRODUCT_BUNDLE_IDENTIFIER = com.irizen.WeatherForecastTests;
				PRODUCT_NAME = "$(TARGET_NAME)";
				SWIFT_EMIT_LOC_STRINGS = NO;
				SWIFT_VERSION = 5.0;
				TARGETED_DEVICE_FAMILY = "1,2";
				TEST_HOST = "$(BUILT_PRODUCTS_DIR)/WeatherForecast.app/WeatherForecast";
			};
			name = Debug;
		};
		409352D0288357A3000C69EB /* Release */ = {
			isa = XCBuildConfiguration;
			buildSettings = {
				ALWAYS_EMBED_SWIFT_STANDARD_LIBRARIES = YES;
				BUNDLE_LOADER = "$(TEST_HOST)";
				CODE_SIGN_STYLE = Automatic;
				CURRENT_PROJECT_VERSION = 1;
				DEVELOPMENT_TEAM = PE3M477MG2;
				GENERATE_INFOPLIST_FILE = YES;
				IPHONEOS_DEPLOYMENT_TARGET = 15.5;
				MARKETING_VERSION = 1.0;
				PRODUCT_BUNDLE_IDENTIFIER = com.irizen.WeatherForecastTests;
				PRODUCT_NAME = "$(TARGET_NAME)";
				SWIFT_EMIT_LOC_STRINGS = NO;
				SWIFT_VERSION = 5.0;
				TARGETED_DEVICE_FAMILY = "1,2";
				TEST_HOST = "$(BUILT_PRODUCTS_DIR)/WeatherForecast.app/WeatherForecast";
			};
			name = Release;
		};
/* End XCBuildConfiguration section */

/* Begin XCConfigurationList section */
		409352A2288357A0000C69EB /* Build configuration list for PBXProject "WeatherForecast" */ = {
			isa = XCConfigurationList;
			buildConfigurations = (
				409352C9288357A3000C69EB /* Debug */,
				409352CA288357A3000C69EB /* Release */,
			);
			defaultConfigurationIsVisible = 0;
			defaultConfigurationName = Release;
		};
		409352CB288357A3000C69EB /* Build configuration list for PBXNativeTarget "WeatherForecast" */ = {
			isa = XCConfigurationList;
			buildConfigurations = (
				409352CC288357A3000C69EB /* Debug */,
				409352CD288357A3000C69EB /* Release */,
			);
			defaultConfigurationIsVisible = 0;
			defaultConfigurationName = Release;
		};
		409352CE288357A3000C69EB /* Build configuration list for PBXNativeTarget "WeatherForecastTests" */ = {
			isa = XCConfigurationList;
			buildConfigurations = (
				409352CF288357A3000C69EB /* Debug */,
				409352D0288357A3000C69EB /* Release */,
			);
			defaultConfigurationIsVisible = 0;
			defaultConfigurationName = Release;
		};
/* End XCConfigurationList section */
	};
	rootObject = 4093529F288357A0000C69EB /* Project object */;
}
